
Microsoft Visual Studio Solution File, Format Version 12.00
# Visual Studio Version 16
VisualStudioVersion = 16.0.29920.165
MinimumVisualStudioVersion = 10.0.40219.1
Project("{FAE04EC0-301F-11D3-BF4B-00C04F79EFBC}") = "HoneyPotChallenge", "HoneyPotChallenge\HoneyPotChallenge.csproj", "{C2D9E604-2D7D-4C15-8B00-6D5EDB4D59E7}"
EndProject
Global
	GlobalSection(SolutionConfigurationPlatforms) = preSolution
		Debug|Any CPU = Debug|Any CPU
		Release|Any CPU = Release|Any CPU
	EndGlobalSection
	GlobalSection(ProjectConfigurationPlatforms) = postSolution
		{C2D9E604-2D7D-4C15-8B00-6D5EDB4D59E7}.Debug|Any CPU.ActiveCfg = Debug|Any CPU
		{C2D9E604-2D7D-4C15-8B00-6D5EDB4D59E7}.Debug|Any CPU.Build.0 = Debug|Any CPU
		{C2D9E604-2D7D-4C15-8B00-6D5EDB4D59E7}.Release|Any CPU.ActiveCfg = Release|Any CPU
		{C2D9E604-2D7D-4C15-8B00-6D5EDB4D59E7}.Release|Any CPU.Build.0 = Release|Any CPU
	EndGlobalSection
	GlobalSection(SolutionProperties) = preSolution
		HideSolutionNode = FALSE
	EndGlobalSection
	GlobalSection(ExtensibilityGlobals) = postSolution
		SolutionGuid = {C2E494A8-DAA4-4D9A-959F-35220E2E3189}
	EndGlobalSection
EndGlobal
